PODS:
  - MarketingCloudSDK-Internal (7.3.1)

DEPENDENCIES:
  - MarketingCloudSDK-Internal (>= 7.3.1)

SPEC REPOS:
  "git@git.soma.salesforce.com:MarketingCloudSdk/ETCocoaPods.git":
    - MarketingCloudSDK-Internal

SPEC CHECKSUMS:
  MarketingCloudSDK-Internal: 7f449c7b9e66b13e972e28872d0beb28d7125682

PODFILE CHECKSUM: 2b2fb71df92faaccb2bc872e36a8e0862ffd0bb8

COCOAPODS: 1.10.1
